// !$*UTF8*$!
{
	archiveVersion = 1;
	classes = {
	};
	objectVersion = 46;
	objects = {

/* Begin PBXBuildFile section */
		9547FD851B04D908002EA2F4 /* Foundation.framework in Frameworks */ = {isa = PBXBuildFile; fileRef = 9547FD841B04D908002EA2F4 /* Foundation.framework */; };
		9547FD871B04D908002EA2F4 /* CoreGraphics.framework in Frameworks */ = {isa = PBXBuildFile; fileRef = 9547FD861B04D908002EA2F4 /* CoreGraphics.framework */; };
		9547FD891B04D908002EA2F4 /* UIKit.framework in Frameworks */ = {isa = PBXBuildFile; fileRef = 9547FD881B04D908002EA2F4 /* UIKit.framework */; };
		9547FD8F1B04D908002EA2F4 /* InfoPlist.strings in Resources */ = {isa = PBXBuildFile; fileRef = 9547FD8D1B04D908002EA2F4 /* InfoPlist.strings */; };
		9547FD911B04D908002EA2F4 /* main.m in Sources */ = {isa = PBXBuildFile; fileRef = 9547FD901B04D908002EA2F4 /* main.m */; };
		9547FD951B04D908002EA2F4 /* AppDelegate.m in Sources */ = {isa = PBXBuildFile; fileRef = 9547FD941B04D908002EA2F4 /* AppDelegate.m */; };
		9547FD981B04D908002EA2F4 /* Main.storyboard in Resources */ = {isa = PBXBuildFile; fileRef = 9547FD961B04D908002EA2F4 /* Main.storyboard */; };
		9547FD9B1B04D908002EA2F4 /* ViewController.m in Sources */ = {isa = PBXBuildFile; fileRef = 9547FD9A1B04D908002EA2F4 /* ViewController.m */; };
		9547FD9D1B04D908002EA2F4 /* Images.xcassets in Resources */ = {isa = PBXBuildFile; fileRef = 9547FD9C1B04D908002EA2F4 /* Images.xcassets */; };
		9547FDA41B04D908002EA2F4 /* XCTest.framework in Frameworks */ = {isa = PBXBuildFile; fileRef = 9547FDA31B04D908002EA2F4 /* XCTest.framework */; };
		9547FDA51B04D908002EA2F4 /* Foundation.framework in Frameworks */ = {isa = PBXBuildFile; fileRef = 9547FD841B04D908002EA2F4 /* Foundation.framework */; };
		9547FDA61B04D908002EA2F4 /* UIKit.framework in Frameworks */ = {isa = PBXBuildFile; fileRef = 9547FD881B04D908002EA2F4 /* UIKit.framework */; };
		9547FDAE1B04D908002EA2F4 /* InfoPlist.strings in Resources */ = {isa = PBXBuildFile; fileRef = 9547FDAC1B04D908002EA2F4 /* InfoPlist.strings */; };
		9547FDB01B04D908002EA2F4 /* GitProiTests.m in Sources */ = {isa = PBXBuildFile; fileRef = 9547FDAF1B04D908002EA2F4 /* GitProiTests.m */; };
/* End PBXBuildFile section */

/* Begin PBXContainerItemProxy section */
		9547FDA71B04D908002EA2F4 /* PBXContainerItemProxy */ = {
			isa = PBXContainerItemProxy;
			containerPortal = 9547FD791B04D908002EA2F4 /* Project object */;
			proxyType = 1;
			remoteGlobalIDString = 9547FD801B04D908002EA2F4;
			remoteInfo = GitProi;
		};
/* End PBXContainerItemProxy section */

/* Begin PBXFileReference section */
		9547FD811B04D908002EA2F4 /* GitProi.app */ = {isa = PBXFileReference; explicitFileType = wrapper.application; includeInIndex = 0; path = GitProi.app; sourceTree = BUILT_PRODUCTS_DIR; };
		9547FD841B04D908002EA2F4 /* Foundation.framework */ = {isa = PBXFileReference; lastKnownFileType = wrapper.framework; name = Foundation.framework; path = System/Library/Frameworks/Foundation.framework; sourceTree = SDKROOT; };
		9547FD861B04D908002EA2F4 /* CoreGraphics.framework */ = {isa = PBXFileReference; lastKnownFileType = wrapper.framework; name = CoreGraphics.framework; path = System/Library/Frameworks/CoreGraphics.framework; sourceTree = SDKROOT; };
		9547FD881B04D908002EA2F4 /* UIKit.framework */ = {isa = PBXFileReference; lastKnownFileType = wrapper.framework; name = UIKit.framework; path = System/Library/Frameworks/UIKit.framework; sourceTree = SDKROOT; };
		9547FD8C1B04D908002EA2F4 /* GitProi-Info.plist */ = {isa = PBXFileReference; lastKnownFileType = text.plist.xml; path = "GitProi-Info.plist"; sourceTree = "<group>"; };
		9547FD8E1B04D908002EA2F4 /* en */ = {isa = PBXFileReference; lastKnownFileType = text.plist.strings; name = en; path = en.lproj/InfoPlist.strings; sourceTree = "<group>"; };
		9547FD901B04D908002EA2F4 /* main.m */ = {isa = PBXFileReference; lastKnownFileType = sourcecode.c.objc; path = main.m; sourceTree = "<group>"; };
		9547FD921B04D908002EA2F4 /* GitProi-Prefix.pch */ = {isa = PBXFileReference; lastKnownFileType = sourcecode.c.h; path = "GitProi-Prefix.pch"; sourceTree = "<group>"; };
		9547FD931B04D908002EA2F4 /* AppDelegate.h */ = {isa = PBXFileReference; lastKnownFileType = sourcecode.c.h; path = AppDelegate.h; sourceTree = "<group>"; };
		9547FD941B04D908002EA2F4 /* AppDelegate.m */ = {isa = PBXFileReference; lastKnownFileType = sourcecode.c.objc; path = AppDelegate.m; sourceTree = "<group>"; };
		9547FD971B04D908002EA2F4 /* Base */ = {isa = PBXFileReference; lastKnownFileType = file.storyboard; name = Base; path = Base.lproj/Main.storyboard; sourceTree = "<group>"; };
		9547FD991B04D908002EA2F4 /* ViewController.h */ = {isa = PBXFileReference; lastKnownFileType = sourcecode.c.h; path = ViewController.h; sourceTree = "<group>"; };
		9547FD9A1B04D908002EA2F4 /* ViewController.m */ = {isa = PBXFileReference; lastKnownFileType = sourcecode.c.objc; path = ViewController.m; sourceTree = "<group>"; };
		9547FD9C1B04D908002EA2F4 /* Images.xcassets */ = {isa = PBXFileReference; lastKnownFileType = folder.assetcatalog; path = Images.xcassets; sourceTree = "<group>"; };
		9547FDA21B04D908002EA2F4 /* GitProiTests.xctest */ = {isa = PBXFileReference; explicitFileType = wrapper.cfbundle; includeInIndex = 0; path = GitProiTests.xctest; sourceTree = BUILT_PRODUCTS_DIR; };
		9547FDA31B04D908002EA2F4 /* XCTest.framework */ = {isa = PBXFileReference; lastKnownFileType = wrapper.framework; name = XCTest.framework; path = Library/Frameworks/XCTest.framework; sourceTree = DEVELOPER_DIR; };
		9547FDAB1B04D908002EA2F4 /* GitProiTests-Info.plist */ = {isa = PBXFileReference; lastKnownFileType = text.plist.xml; path = "GitProiTests-Info.plist"; sourceTree = "<group>"; };
		9547FDAD1B04D908002EA2F4 /* en */ = {isa = PBXFileReference; lastKnownFileType = text.plist.strings; name = en; path = en.lproj/InfoPlist.strings; sourceTree = "<group>"; };
		9547FDAF1B04D908002EA2F4 /* GitProiTests.m */ = {isa = PBXFileReference; lastKnownFileType = sourcecode.c.objc; path = GitProiTests.m; sourceTree = "<group>"; };
/* End PBXFileReference section */

/* Begin PBXFrameworksBuildPhase section */
		9547FD7E1B04D908002EA2F4 /* Frameworks */ = {
			isa = PBXFrameworksBuildPhase;
			buildActionMask = 2147483647;
			files = (
				9547FD871B04D908002EA2F4 /* CoreGraphics.framework in Frameworks */,
				9547FD891B04D908002EA2F4 /* UIKit.framework in Frameworks */,
				9547FD851B04D908002EA2F4 /* Foundation.framework in Frameworks */,
			);
			runOnlyForDeploymentPostprocessing = 0;
		};
		9547FD9F1B04D908002EA2F4 /* Frameworks */ = {
			isa = PBXFrameworksBuildPhase;
			buildActionMask = 2147483647;
			files = (
				9547FDA41B04D908002EA2F4 /* XCTest.framework in Frameworks */,
				9547FDA61B04D908002EA2F4 /* UIKit.framework in Frameworks */,
				9547FDA51B04D908002EA2F4 /* Foundation.framework in Frameworks */,
			);
			runOnlyForDeploymentPostprocessing = 0;
		};
/* End PBXFrameworksBuildPhase section */

/* Begin PBXGroup section */
		9547FD781B04D908002EA2F4 = {
			isa = PBXGroup;
			children = (
				9547FD8A1B04D908002EA2F4 /* GitProi */,
				9547FDA91B04D908002EA2F4 /* GitProiTests */,
				9547FD831B04D908002EA2F4 /* Frameworks */,
				9547FD821B04D908002EA2F4 /* Products */,
			);
			sourceTree = "<group>";
		};
		9547FD821B04D908002EA2F4 /* Products */ = {
			isa = PBXGroup;
			children = (
				9547FD811B04D908002EA2F4 /* GitProi.app */,
				9547FDA21B04D908002EA2F4 /* GitProiTests.xctest */,
			);
			name = Products;
			sourceTree = "<group>";
		};
		9547FD831B04D908002EA2F4 /* Frameworks */ = {
			isa = PBXGroup;
			children = (
				9547FD841B04D908002EA2F4 /* Foundation.framework */,
				9547FD861B04D908002EA2F4 /* CoreGraphics.framework */,
				9547FD881B04D908002EA2F4 /* UIKit.framework */,
				9547FDA31B04D908002EA2F4 /* XCTest.framework */,
			);
			name = Frameworks;
			sourceTree = "<group>";
		};
		9547FD8A1B04D908002EA2F4 /* GitProi */ = {
			isa = PBXGroup;
			children = (
				9547FD931B04D908002EA2F4 /* AppDelegate.h */,
				9547FD941B04D908002EA2F4 /* AppDelegate.m */,
				9547FD961B04D908002EA2F4 /* Main.storyboard */,
				9547FD991B04D908002EA2F4 /* ViewController.h */,
				9547FD9A1B04D908002EA2F4 /* ViewController.m */,
				9547FD9C1B04D908002EA2F4 /* Images.xcassets */,
				9547FD8B1B04D908002EA2F4 /* Supporting Files */,
			);
			path = GitProi;
			sourceTree = "<group>";
		};
		9547FD8B1B04D908002EA2F4 /* Supporting Files */ = {
			isa = PBXGroup;
			children = (
				9547FD8C1B04D908002EA2F4 /* GitProi-Info.plist */,
				9547FD8D1B04D908002EA2F4 /* InfoPlist.strings */,
				9547FD901B04D908002EA2F4 /* main.m */,
				9547FD921B04D908002EA2F4 /* GitProi-Prefix.pch */,
			);
			name = "Supporting Files";
			sourceTree = "<group>";
		};
		9547FDA91B04D908002EA2F4 /* GitProiTests */ = {
			isa = PBXGroup;
			children = (
				9547FDAF1B04D908002EA2F4 /* GitProiTests.m */,
				9547FDAA1B04D908002EA2F4 /* Supporting Files */,
			);
			path = GitProiTests;
			sourceTree = "<group>";
		};
		9547FDAA1B04D908002EA2F4 /* Supporting Files */ = {
			isa = PBXGroup;
			children = (
				9547FDAB1B04D908002EA2F4 /* GitProiTests-Info.plist */,
				9547FDAC1B04D908002EA2F4 /* InfoPlist.strings */,
			);
			name = "Supporting Files";
			sourceTree = "<group>";
		};
/* End PBXGroup section */

/* Begin PBXNativeTarget section */
		9547FD801B04D908002EA2F4 /* GitProi */ = {
			isa = PBXNativeTarget;
			buildConfigurationList = 9547FDB31B04D908002EA2F4 /* Build configuration list for PBXNativeTarget "GitProi" */;
			buildPhases = (
				9547FD7D1B04D908002EA2F4 /* Sources */,
				9547FD7E1B04D908002EA2F4 /* Frameworks */,
				9547FD7F1B04D908002EA2F4 /* Resources */,
			);
			buildRules = (
			);
			dependencies = (
			);
			name = GitProi;
			productName = GitProi;
			productReference = 9547FD811B04D908002EA2F4 /* GitProi.app */;
			productType = "com.apple.product-type.application";
		};
		9547FDA11B04D908002EA2F4 /* GitProiTests */ = {
			isa = PBXNativeTarget;
			buildConfigurationList = 9547FDB61B04D908002EA2F4 /* Build configuration list for PBXNativeTarget "GitProiTests" */;
			buildPhases = (
				9547FD9E1B04D908002EA2F4 /* Sources */,
				9547FD9F1B04D908002EA2F4 /* Frameworks */,
				9547FDA01B04D908002EA2F4 /* Resources */,
			);
			buildRules = (
			);
			dependencies = (
				9547FDA81B04D908002EA2F4 /* PBXTargetDependency */,
			);
			name = GitProiTests;
			productName = GitProiTests;
			productReference = 9547FDA21B04D908002EA2F4 /* GitProiTests.xctest */;
			productType = "com.apple.product-type.bundle.unit-test";
		};
/* End PBXNativeTarget section */

/* Begin PBXProject section */
		9547FD791B04D908002EA2F4 /* Project object */ = {
			isa = PBXProject;
			attributes = {
				LastUpgradeCheck = 0510;
				ORGANIZATIONNAME = Perpetro;
				TargetAttributes = {
					9547FDA11B04D908002EA2F4 = {
						TestTargetID = 9547FD801B04D908002EA2F4;
					};
				};
			};
			buildConfigurationList = 9547FD7C1B04D908002EA2F4 /* Build configuration list for PBXProject "GitProi" */;
			compatibilityVersion = "Xcode 3.2";
			developmentRegion = English;
			hasScannedForEncodings = 0;
			knownRegions = (
				en,
				Base,
			);
			mainGroup = 9547FD781B04D908002EA2F4;
			productRefGroup = 9547FD821B04D908002EA2F4 /* Products */;
			projectDirPath = "";
			projectRoot = "";
			targets = (
				9547FD801B04D908002EA2F4 /* GitProi */,
				9547FDA11B04D908002EA2F4 /* GitProiTests */,
			);
		};
/* End PBXProject section */

/* Begin PBXResourcesBuildPhase section */
		9547FD7F1B04D908002EA2F4 /* Resources */ = {
			isa = PBXResourcesBuildPhase;
			buildActionMask = 2147483647;
			files = (
				9547FD9D1B04D908002EA2F4 /* Images.xcassets in Resources */,
				9547FD8F1B04D908002EA2F4 /* InfoPlist.strings in Resources */,
				9547FD981B04D908002EA2F4 /* Main.storyboard in Resources */,
			);
			runOnlyForDeploymentPostprocessing = 0;
		};
		9547FDA01B04D908002EA2F4 /* Resources */ = {
			isa = PBXResourcesBuildPhase;
			buildActionMask = 2147483647;
			files = (
				9547FDAE1B04D908002EA2F4 /* InfoPlist.strings in Resources */,
			);
			runOnlyForDeploymentPostprocessing = 0;
		};
/* End PBXResourcesBuildPhase section */

/* Begin PBXSourcesBuildPhase section */
		9547FD7D1B04D908002EA2F4 /* Sources */ = {
			isa = PBXSourcesBuildPhase;
			buildActionMask = 2147483647;
			files = (
				9547FD9B1B04D908002EA2F4 /* ViewController.m in Sources */,
				9547FD951B04D908002EA2F4 /* AppDelegate.m in Sources */,
				9547FD911B04D908002EA2F4 /* main.m in Sources */,
			);
			runOnlyForDeploymentPostprocessing = 0;
		};
		9547FD9E1B04D908002EA2F4 /* Sources */ = {
			isa = PBXSourcesBuildPhase;
			buildActionMask = 2147483647;
			files = (
				9547FDB01B04D908002EA2F4 /* GitProiTests.m in Sources */,
			);
			runOnlyForDeploymentPostprocessing = 0;
		};
/* End PBXSourcesBuildPhase section */

/* Begin PBXTargetDependency section */
		9547FDA81B04D908002EA2F4 /* PBXTargetDependency */ = {
			isa = PBXTargetDependency;
			target = 9547FD801B04D908002EA2F4 /* GitProi */;
			targetProxy = 9547FDA71B04D908002EA2F4 /* PBXContainerItemProxy */;
		};
/* End PBXTargetDependency section */

/* Begin PBXVariantGroup section */
		9547FD8D1B04D908002EA2F4 /* InfoPlist.strings */ = {
			isa = PBXVariantGroup;
			children = (
				9547FD8E1B04D908002EA2F4 /* en */,
			);
			name = InfoPlist.strings;
			sourceTree = "<group>";
		};
		9547FD961B04D908002EA2F4 /* Main.storyboard */ = {
			isa = PBXVariantGroup;
			children = (
				9547FD971B04D908002EA2F4 /* Base */,
			);
			name = Main.storyboard;
			sourceTree = "<group>";
		};
		9547FDAC1B04D908002EA2F4 /* InfoPlist.strings */ = {
			isa = PBXVariantGroup;
			children = (
				9547FDAD1B04D908002EA2F4 /* en */,
			);
			name = InfoPlist.strings;
			sourceTree = "<group>";
		};
/* End PBXVariantGroup section */

/* Begin XCBuildConfiguration section */
		9547FDB11B04D908002EA2F4 /* Debug */ = {
			isa = XCBuildConfiguration;
			buildSettings = {
				ALWAYS_SEARCH_USER_PATHS = NO;
				CLANG_CXX_LANGUAGE_STANDARD = "gnu++0x";
				CLANG_CXX_LIBRARY = "libc++";
				CLANG_ENABLE_MODULES = YES;
				CLANG_ENABLE_OBJC_ARC = YES;
				CLANG_WARN_BOOL_CONVERSION = YES;
				CLANG_WARN_CONSTANT_CONVERSION = YES;
				CLANG_WARN_DIRECT_OBJC_ISA_USAGE = YES_ERROR;
				CLANG_WARN_EMPTY_BODY = YES;
				CLANG_WARN_ENUM_CONVERSION = YES;
				CLANG_WARN_INT_CONVERSION = YES;
				CLANG_WARN_OBJC_ROOT_CLASS = YES_ERROR;
				CLANG_WARN__DUPLICATE_METHOD_MATCH = YES;
				"CODE_SIGN_IDENTITY[sdk=iphoneos*]" = "iPhone Developer";
				COPY_PHASE_STRIP = NO;
				GCC_C_LANGUAGE_STANDARD = gnu99;
				GCC_DYNAMIC_NO_PIC = NO;
				GCC_OPTIMIZATION_LEVEL = 0;
				GCC_PREPROCESSOR_DEFINITIONS = (
					"DEBUG=1",
					"$(inherited)",
				);
				GCC_SYMBOLS_PRIVATE_EXTERN = NO;
				GCC_WARN_64_TO_32_BIT_CONVERSION = YES;
				GCC_WARN_ABOUT_RETURN_TYPE = YES_ERROR;
				GCC_WARN_UNDECLARED_SELECTOR = YES;
				GCC_WARN_UNINITIALIZED_AUTOS = YES_AGGRESSIVE;
				GCC_WARN_UNUSED_FUNCTION = YES;
				GCC_WARN_UNUSED_VARIABLE = YES;
				IPHONEOS_DEPLOYMENT_TARGET = 7.1;
				ONLY_ACTIVE_ARCH = YES;
				SDKROOT = iphoneos;
			};
			name = Debug;
		};
		9547FDB21B04D908002EA2F4 /* Release */ = {
			isa = XCBuildConfiguration;
			buildSettings = {
				ALWAYS_SEARCH_USER_PATHS = NO;
				CLANG_CXX_LANGUAGE_STANDARD = "gnu++0x";
				CLANG_CXX_LIBRARY = "libc++";
				CLANG_ENABLE_MODULES = YES;
				CLANG_ENABLE_OBJC_ARC = YES;
				CLANG_WARN_BOOL_CONVERSION = YES;
				CLANG_WARN_CONSTANT_CONVERSION = YES;
				CLANG_WARN_DIRECT_OBJC_ISA_USAGE = YES_ERROR;
				CLANG_WARN_EMPTY_BODY = YES;
				CLANG_WARN_ENUM_CONVERSION = YES;
				CLANG_WARN_INT_CONVERSION = YES;
				CLANG_WARN_OBJC_ROOT_CLASS = YES_ERROR;
				CLANG_WARN__DUPLICATE_METHOD_MATCH = YES;
				"CODE_SIGN_IDENTITY[sdk=iphoneos*]" = "iPhone Developer";
				COPY_PHASE_STRIP = YES;
				ENABLE_NS_ASSERTIONS = NO;
				GCC_C_LANGUAGE_STANDARD = gnu99;
				GCC_WARN_64_TO_32_BIT_CONVERSION = YES;
				GCC_WARN_ABOUT_RETURN_TYPE = YES_ERROR;
				GCC_WARN_UNDECLARED_SELECTOR = YES;
				GCC_WARN_UNINITIALIZED_AUTOS = YES_AGGRESSIVE;
				GCC_WARN_UNUSED_FUNCTION = YES;
				GCC_WARN_UNUSED_VARIABLE = YES;
				IPHONEOS_DEPLOYMENT_TARGET = 7.1;
				SDKROOT = iphoneos;
				VALIDATE_PRODUCT = YES;
			};
			name = Release;
		};
		9547FDB41B04D908002EA2F4 /* Debug */ = {
			isa = XCBuildConfiguration;
			buildSettings = {
				ASSETCATALOG_COMPILER_APPICON_NAME = AppIcon;
				ASSETCATALOG_COMPILER_LAUNCHIMAGE_NAME = LaunchImage;
				GCC_PRECOMPILE_PREFIX_HEADER = YES;
				GCC_PREFIX_HEADER = "GitProi/GitProi-Prefix.pch";
				INFOPLIST_FILE = "GitProi/GitProi-Info.plist";
				PRODUCT_NAME = "$(TARGET_NAME)";
				WRAPPER_EXTENSION = app;
			};
			name = Debug;
		};
		9547FDB51B04D908002EA2F4 /* Release */ = {
			isa = XCBuildConfiguration;
			buildSettings = {
				ASSETCATALOG_COMPILER_APPICON_NAME = AppIcon;
				ASSETCATALOG_COMPILER_LAUNCHIMAGE_NAME = LaunchImage;
				GCC_PRECOMPILE_PREFIX_HEADER = YES;
				GCC_PREFIX_HEADER = "GitProi/GitProi-Prefix.pch";
				INFOPLIST_FILE = "GitProi/GitProi-Info.plist";
				PRODUCT_NAME = "$(TARGET_NAME)";
				WRAPPER_EXTENSION = app;
			};
			name = Release;
		};
		9547FDB71B04D908002EA2F4 /* Debug */ = {
			isa = XCBuildConfiguration;
			buildSettings = {
				BUNDLE_LOADER = "$(BUILT_PRODUCTS_DIR)/GitProi.app/GitProi";
				FRAMEWORK_SEARCH_PATHS = (
					"$(SDKROOT)/Developer/Library/Frameworks",
					"$(inherited)",
					"$(DEVELOPER_FRAMEWORKS_DIR)",
				);
				GCC_PRECOMPILE_PREFIX_HEADER = YES;
				GCC_PREFIX_HEADER = "GitProi/GitProi-Prefix.pch";
				GCC_PREPROCESSOR_DEFINITIONS = (
					"DEBUG=1",
					"$(inherited)",
				);
				INFOPLIST_FILE = "GitProiTests/GitProiTests-Info.plist";
				PRODUCT_NAME = "$(TARGET_NAME)";
				TEST_HOST = "$(BUNDLE_LOADER)";
				WRAPPER_EXTENSION = xctest;
			};
			name = Debug;
		};
		9547FDB81B04D908002EA2F4 /* Release */ = {
			isa = XCBuildConfiguration;
			buildSettings = {
				BUNDLE_LOADER = "$(BUILT_PRODUCTS_DIR)/GitProi.app/GitProi";
				FRAMEWORK_SEARCH_PATHS = (
					"$(SDKROOT)/Developer/Library/Frameworks",
					"$(inherited)",
					"$(DEVELOPER_FRAMEWORKS_DIR)",
				);
				GCC_PRECOMPILE_PREFIX_HEADER = YES;
				GCC_PREFIX_HEADER = "GitProi/GitProi-Prefix.pch";
				INFOPLIST_FILE = "GitProiTests/GitProiTests-Info.plist";
				PRODUCT_NAME = "$(TARGET_NAME)";
				TEST_HOST = "$(BUNDLE_LOADER)";
				WRAPPER_EXTENSION = xctest;
			};
			name = Release;
		};
/* End XCBuildConfiguration section */

/* Begin XCConfigurationList section */
		9547FD7C1B04D908002EA2F4 /* Build configuration list for PBXProject "GitProi" */ = {
			isa = XCConfigurationList;
			buildConfigurations = (
				9547FDB11B04D908002EA2F4 /* Debug */,
				9547FDB21B04D908002EA2F4 /* Release */,
			);
			defaultConfigurationIsVisible = 0;
			defaultConfigurationName = Release;
		};
		9547FDB31B04D908002EA2F4 /* Build configuration list for PBXNativeTarget "GitProi" */ = {
			isa = XCConfigurationList;
			buildConfigurations = (
				9547FDB41B04D908002EA2F4 /* Debug */,
				9547FDB51B04D908002EA2F4 /* Release */,
			);
			defaultConfigurationIsVisible = 0;
		};
		9547FDB61B04D908002EA2F4 /* Build configuration list for PBXNativeTarget "GitProiTests" */ = {
			isa = XCConfigurationList;
			buildConfigurations = (
				9547FDB71B04D908002EA2F4 /* Debug */,
				9547FDB81B04D908002EA2F4 /* Release */,
			);
			defaultConfigurationIsVisible = 0;
		};
/* End XCConfigurationList section */
	};
	rootObject = 9547FD791B04D908002EA2F4 /* Project object */;
}
